
Microsoft Visual Studio Solution File, Format Version 12.00
# Visual Studio Version 17
VisualStudioVersion = 17.14.36915.13 d17.14
MinimumVisualStudioVersion = 10.0.40219.1
Project("{FAE04EC0-301F-11D3-BF4B-00C04F79EFBC}") = "G-NET-42-LINQ-1", "G-NET-42-LINQ-1\G-NET-42-LINQ-1.csproj", "{AF4F8B01-9F8C-41EA-AA21-7A54FA4DEBFE}"
EndProject
Global
	GlobalSection(SolutionConfigurationPlatforms) = preSolution
		Debug|Any CPU = Debug|Any CPU
		Release|Any CPU = Release|Any CPU
	EndGlobalSection
	GlobalSection(ProjectConfigurationPlatforms) = postSolution
		{AF4F8B01-9F8C-41EA-AA21-7A54FA4DEBFE}.Debug|Any CPU.ActiveCfg = Debug|Any CPU
		{AF4F8B01-9F8C-41EA-AA21-7A54FA4DEBFE}.Debug|Any CPU.Build.0 = Debug|Any CPU
		{AF4F8B01-9F8C-41EA-AA21-7A54FA4DEBFE}.Release|Any CPU.ActiveCfg = Release|Any CPU
		{AF4F8B01-9F8C-41EA-AA21-7A54FA4DEBFE}.Release|Any CPU.Build.0 = Release|Any CPU
	EndGlobalSection
	GlobalSection(SolutionProperties) = preSolution
		HideSolutionNode = FALSE
	EndGlobalSection
	GlobalSection(ExtensibilityGlobals) = postSolution
		SolutionGuid = {4CBCC29D-A7DD-4C3C-B1B4-085505E13EAF}
	EndGlobalSection
EndGlobal
